
Microsoft Visual Studio Solution File, Format Version 12.00
# Visual Studio 15
VisualStudioVersion = 15.0.26730.16
MinimumVisualStudioVersion = 10.0.40219.1
Project("{FAE04EC0-301F-11D3-BF4B-00C04F79EFBC}") = "01.ChooseADrink", "ChooseADrink\01.ChooseADrink.csproj", "{C6476D00-2071-422B-99B6-C34AD7C8C20F}"
EndProject
Project("{FAE04EC0-301F-11D3-BF4B-00C04F79EFBC}") = "02.ChooseADrink2", "ChooseADrink2\02.ChooseADrink2.csproj", "{E089CDBC-E20A-4CE1-BAFA-8256317B67E0}"
EndProject
Project("{FAE04EC0-301F-11D3-BF4B-00C04F79EFBC}") = "03.RestaurantDiscount", "RestaurantDiscount\03.RestaurantDiscount.csproj", "{79C4FA08-66C9-4150-A42C-1ACF93371103}"
EndProject
Project("{FAE04EC0-301F-11D3-BF4B-00C04F79EFBC}") = "04.Hotel", "Hotel\04.Hotel.csproj", "{378C2486-3651-4429-9412-2A7932E71B52}"
EndProject
Project("{FAE04EC0-301F-11D3-BF4B-00C04F79EFBC}") = "05.WorldInPlural", "WorldInPlural\05.WorldInPlural.csproj", "{B540B0D4-6F81-4E18-9D47-F8219A5A8EA6}"
EndProject
Project("{FAE04EC0-301F-11D3-BF4B-00C04F79EFBC}") = "06.IntervalOfNumbers", "IntervalOfNumbers\06.IntervalOfNumbers.csproj", "{DE0C319D-F0ED-416E-A288-FF3680395DEF}"
EndProject
Project("{FAE04EC0-301F-11D3-BF4B-00C04F79EFBC}") = "07.CakeIngredients", "CakeIngredients\07.CakeIngredients.csproj", "{13643485-7953-4216-ADE1-36234683CA42}"
EndProject
Project("{FAE04EC0-301F-11D3-BF4B-00C04F79EFBC}") = "08.CaloriesCounter", "CaloriesCounter\08.CaloriesCounter.csproj", "{EDED3563-9B95-4429-8AB9-852D7C30F580}"
EndProject
Project("{FAE04EC0-301F-11D3-BF4B-00C04F79EFBC}") = "09.CountTheIntegers", "CountTheIntegers\09.CountTheIntegers.csproj", "{34E41DAB-F2E0-441D-8170-893F850F1927}"
EndProject
Project("{FAE04EC0-301F-11D3-BF4B-00C04F79EFBC}") = "10.TriangleOfNumbers", "TriangleOfNumbers\10.TriangleOfNumbers.csproj", "{7F77901B-D7AF-4CD3-9EF5-174095268851}"
EndProject
Project("{FAE04EC0-301F-11D3-BF4B-00C04F79EFBC}") = "11.5DifferentNumbers", "5DifferentNumbers\11.5DifferentNumbers.csproj", "{8233D267-5519-41F1-A462-AB85D0684BA7}"
EndProject
Project("{FAE04EC0-301F-11D3-BF4B-00C04F79EFBC}") = "12.TestNumbers", "TestNumbers\12.TestNumbers.csproj", "{E6BA180C-6660-467C-A7CD-6AD165126FC5}"
EndProject
Project("{FAE04EC0-301F-11D3-BF4B-00C04F79EFBC}") = "13.GameOfNumbers", "GameOfNumbers\13.GameOfNumbers.csproj", "{13AAC029-8890-4F42-8AF8-3D1CD3186C1D}"
EndProject
Project("{FAE04EC0-301F-11D3-BF4B-00C04F79EFBC}") = "14.MagicLetter", "MagicLetter\14.MagicLetter.csproj", "{E02A1CF8-9804-4B4F-BB0B-82145980F0D6}"
EndProject
Global
	GlobalSection(SolutionConfigurationPlatforms) = preSolution
		Debug|Any CPU = Debug|Any CPU
		Release|Any CPU = Release|Any CPU
	EndGlobalSection
	GlobalSection(ProjectConfigurationPlatforms) = postSolution
		{C6476D00-2071-422B-99B6-C34AD7C8C20F}.Debug|Any CPU.ActiveCfg = Debug|Any CPU
		{C6476D00-2071-422B-99B6-C34AD7C8C20F}.Debug|Any CPU.Build.0 = Debug|Any CPU
		{C6476D00-2071-422B-99B6-C34AD7C8C20F}.Release|Any CPU.ActiveCfg = Release|Any CPU
		{C6476D00-2071-422B-99B6-C34AD7C8C20F}.Release|Any CPU.Build.0 = Release|Any CPU
		{E089CDBC-E20A-4CE1-BAFA-8256317B67E0}.Debug|Any CPU.ActiveCfg = Debug|Any CPU
		{E089CDBC-E20A-4CE1-BAFA-8256317B67E0}.Debug|Any CPU.Build.0 = Debug|Any CPU
		{E089CDBC-E20A-4CE1-BAFA-8256317B67E0}.Release|Any CPU.ActiveCfg = Release|Any CPU
		{E089CDBC-E20A-4CE1-BAFA-8256317B67E0}.Release|Any CPU.Build.0 = Release|Any CPU
		{79C4FA08-66C9-4150-A42C-1ACF93371103}.Debug|Any CPU.ActiveCfg = Debug|Any CPU
		{79C4FA08-66C9-4150-A42C-1ACF93371103}.Debug|Any CPU.Build.0 = Debug|Any CPU
		{79C4FA08-66C9-4150-A42C-1ACF93371103}.Release|Any CPU.ActiveCfg = Release|Any CPU
		{79C4FA08-66C9-4150-A42C-1ACF93371103}.Release|Any CPU.Build.0 = Release|Any CPU
		{378C2486-3651-4429-9412-2A7932E71B52}.Debug|Any CPU.ActiveCfg = Debug|Any CPU
		{378C2486-3651-4429-9412-2A7932E71B52}.Debug|Any CPU.Build.0 = Debug|Any CPU
		{378C2486-3651-4429-9412-2A7932E71B52}.Release|Any CPU.ActiveCfg = Release|Any CPU
		{378C2486-3651-4429-9412-2A7932E71B52}.Release|Any CPU.Build.0 = Release|Any CPU
		{B540B0D4-6F81-4E18-9D47-F8219A5A8EA6}.Debug|Any CPU.ActiveCfg = Debug|Any CPU
		{B540B0D4-6F81-4E18-9D47-F8219A5A8EA6}.Debug|Any CPU.Build.0 = Debug|Any CPU
		{B540B0D4-6F81-4E18-9D47-F8219A5A8EA6}.Release|Any CPU.ActiveCfg = Release|Any CPU
		{B540B0D4-6F81-4E18-9D47-F8219A5A8EA6}.Release|Any CPU.Build.0 = Release|Any CPU
		{DE0C319D-F0ED-416E-A288-FF3680395DEF}.Debug|Any CPU.ActiveCfg = Debug|Any CPU
		{DE0C319D-F0ED-416E-A288-FF3680395DEF}.Debug|Any CPU.Build.0 = Debug|Any CPU
		{DE0C319D-F0ED-416E-A288-FF3680395DEF}.Release|Any CPU.ActiveCfg = Release|Any CPU
		{DE0C319D-F0ED-416E-A288-FF3680395DEF}.Release|Any CPU.Build.0 = Release|Any CPU
		{13643485-7953-4216-ADE1-36234683CA42}.Debug|Any CPU.ActiveCfg = Debug|Any CPU
		{13643485-7953-4216-ADE1-36234683CA42}.Debug|Any CPU.Build.0 = Debug|Any CPU
		{13643485-7953-4216-ADE1-36234683CA42}.Release|Any CPU.ActiveCfg = Release|Any CPU
		{13643485-7953-4216-ADE1-36234683CA42}.Release|Any CPU.Build.0 = Release|Any CPU
		{EDED3563-9B95-4429-8AB9-852D7C30F580}.Debug|Any CPU.ActiveCfg = Debug|Any CPU
		{EDED3563-9B95-4429-8AB9-852D7C30F580}.Debug|Any CPU.Build.0 = Debug|Any CPU
		{EDED3563-9B95-4429-8AB9-852D7C30F580}.Release|Any CPU.ActiveCfg = Release|Any CPU
		{EDED3563-9B95-4429-8AB9-852D7C30F580}.Release|Any CPU.Build.0 = Release|Any CPU
		{34E41DAB-F2E0-441D-8170-893F850F1927}.Debug|Any CPU.ActiveCfg = Debug|Any CPU
		{34E41DAB-F2E0-441D-8170-893F850F1927}.Debug|Any CPU.Build.0 = Debug|Any CPU
		{34E41DAB-F2E0-441D-8170-893F850F1927}.Release|Any CPU.ActiveCfg = Release|Any CPU
		{34E41DAB-F2E0-441D-8170-893F850F1927}.Release|Any CPU.Build.0 = Release|Any CPU
		{7F77901B-D7AF-4CD3-9EF5-174095268851}.Debug|Any CPU.ActiveCfg = Debug|Any CPU
		{7F77901B-D7AF-4CD3-9EF5-174095268851}.Debug|Any CPU.Build.0 = Debug|Any CPU
		{7F77901B-D7AF-4CD3-9EF5-174095268851}.Release|Any CPU.ActiveCfg = Release|Any CPU
		{7F77901B-D7AF-4CD3-9EF5-174095268851}.Release|Any CPU.Build.0 = Release|Any CPU
		{8233D267-5519-41F1-A462-AB85D0684BA7}.Debug|Any CPU.ActiveCfg = Debug|Any CPU
		{8233D267-5519-41F1-A462-AB85D0684BA7}.Debug|Any CPU.Build.0 = Debug|Any CPU
		{8233D267-5519-41F1-A462-AB85D0684BA7}.Release|Any CPU.ActiveCfg = Release|Any CPU
		{8233D267-5519-41F1-A462-AB85D0684BA7}.Release|Any CPU.Build.0 = Release|Any CPU
		{E6BA180C-6660-467C-A7CD-6AD165126FC5}.Debug|Any CPU.ActiveCfg = Debug|Any CPU
		{E6BA180C-6660-467C-A7CD-6AD165126FC5}.Debug|Any CPU.Build.0 = Debug|Any CPU
		{E6BA180C-6660-467C-A7CD-6AD165126FC5}.Release|Any CPU.ActiveCfg = Release|Any CPU
		{E6BA180C-6660-467C-A7CD-6AD165126FC5}.Release|Any CPU.Build.0 = Release|Any CPU
		{13AAC029-8890-4F42-8AF8-3D1CD3186C1D}.Debug|Any CPU.ActiveCfg = Debug|Any CPU
		{13AAC029-8890-4F42-8AF8-3D1CD3186C1D}.Debug|Any CPU.Build.0 = Debug|Any CPU
		{13AAC029-8890-4F42-8AF8-3D1CD3186C1D}.Release|Any CPU.ActiveCfg = Release|Any CPU
		{13AAC029-8890-4F42-8AF8-3D1CD3186C1D}.Release|Any CPU.Build.0 = Release|Any CPU
		{E02A1CF8-9804-4B4F-BB0B-82145980F0D6}.Debug|Any CPU.ActiveCfg = Debug|Any CPU
		{E02A1CF8-9804-4B4F-BB0B-82145980F0D6}.Debug|Any CPU.Build.0 = Debug|Any CPU
		{E02A1CF8-9804-4B4F-BB0B-82145980F0D6}.Release|Any CPU.ActiveCfg = Release|Any CPU
		{E02A1CF8-9804-4B4F-BB0B-82145980F0D6}.Release|Any CPU.Build.0 = Release|Any CPU
	EndGlobalSection
	GlobalSection(SolutionProperties) = preSolution
		HideSolutionNode = FALSE
	EndGlobalSection
	GlobalSection(ExtensibilityGlobals) = postSolution
		SolutionGuid = {CB6A8E70-353F-416A-93AF-F92707665D07}
	EndGlobalSection
EndGlobal
