
Microsoft Visual Studio Solution File, Format Version 12.00
# Visual Studio 15
VisualStudioVersion = 15.0.27004.2005
MinimumVisualStudioVersion = 10.0.40219.1
Project("{FAE04EC0-301F-11D3-BF4B-00C04F79EFBC}") = "01.OddLines", "OddLines\01.OddLines.csproj", "{47D80C3E-5615-44EE-B4FE-C6F7D0178C0E}"
EndProject
Project("{FAE04EC0-301F-11D3-BF4B-00C04F79EFBC}") = "02.LineNumbers", "LineNumbers\02.LineNumbers.csproj", "{99357D4F-B03B-4B44-89F7-95F033C95928}"
EndProject
Project("{FAE04EC0-301F-11D3-BF4B-00C04F79EFBC}") = "03.WordCount", "WordCount\03.WordCount.csproj", "{D5C164BA-64B9-4BF3-B5D0-28768C5CAC55}"
EndProject
Project("{FAE04EC0-301F-11D3-BF4B-00C04F79EFBC}") = "04.MergeFiles", "MergeFiles\04.MergeFiles.csproj", "{AA9E8152-6914-47E9-85EF-D668D7B0670D}"
EndProject
Project("{FAE04EC0-301F-11D3-BF4B-00C04F79EFBC}") = "05.FolderSize", "FolderSize\05.FolderSize.csproj", "{A5D47F11-F301-4637-AAFD-F8C3A4725811}"
EndProject
Global
	GlobalSection(SolutionConfigurationPlatforms) = preSolution
		Debug|Any CPU = Debug|Any CPU
		Release|Any CPU = Release|Any CPU
	EndGlobalSection
	GlobalSection(ProjectConfigurationPlatforms) = postSolution
		{47D80C3E-5615-44EE-B4FE-C6F7D0178C0E}.Debug|Any CPU.ActiveCfg = Debug|Any CPU
		{47D80C3E-5615-44EE-B4FE-C6F7D0178C0E}.Debug|Any CPU.Build.0 = Debug|Any CPU
		{47D80C3E-5615-44EE-B4FE-C6F7D0178C0E}.Release|Any CPU.ActiveCfg = Release|Any CPU
		{47D80C3E-5615-44EE-B4FE-C6F7D0178C0E}.Release|Any CPU.Build.0 = Release|Any CPU
		{99357D4F-B03B-4B44-89F7-95F033C95928}.Debug|Any CPU.ActiveCfg = Debug|Any CPU
		{99357D4F-B03B-4B44-89F7-95F033C95928}.Debug|Any CPU.Build.0 = Debug|Any CPU
		{99357D4F-B03B-4B44-89F7-95F033C95928}.Release|Any CPU.ActiveCfg = Release|Any CPU
		{99357D4F-B03B-4B44-89F7-95F033C95928}.Release|Any CPU.Build.0 = Release|Any CPU
		{D5C164BA-64B9-4BF3-B5D0-28768C5CAC55}.Debug|Any CPU.ActiveCfg = Debug|Any CPU
		{D5C164BA-64B9-4BF3-B5D0-28768C5CAC55}.Debug|Any CPU.Build.0 = Debug|Any CPU
		{D5C164BA-64B9-4BF3-B5D0-28768C5CAC55}.Release|Any CPU.ActiveCfg = Release|Any CPU
		{D5C164BA-64B9-4BF3-B5D0-28768C5CAC55}.Release|Any CPU.Build.0 = Release|Any CPU
		{AA9E8152-6914-47E9-85EF-D668D7B0670D}.Debug|Any CPU.ActiveCfg = Debug|Any CPU
		{AA9E8152-6914-47E9-85EF-D668D7B0670D}.Debug|Any CPU.Build.0 = Debug|Any CPU
		{AA9E8152-6914-47E9-85EF-D668D7B0670D}.Release|Any CPU.ActiveCfg = Release|Any CPU
		{AA9E8152-6914-47E9-85EF-D668D7B0670D}.Release|Any CPU.Build.0 = Release|Any CPU
		{A5D47F11-F301-4637-AAFD-F8C3A4725811}.Debug|Any CPU.ActiveCfg = Debug|Any CPU
		{A5D47F11-F301-4637-AAFD-F8C3A4725811}.Debug|Any CPU.Build.0 = Debug|Any CPU
		{A5D47F11-F301-4637-AAFD-F8C3A4725811}.Release|Any CPU.ActiveCfg = Release|Any CPU
		{A5D47F11-F301-4637-AAFD-F8C3A4725811}.Release|Any CPU.Build.0 = Release|Any CPU
	EndGlobalSection
	GlobalSection(SolutionProperties) = preSolution
		HideSolutionNode = FALSE
	EndGlobalSection
	GlobalSection(ExtensibilityGlobals) = postSolution
		SolutionGuid = {B232399D-C95F-4CC3-810B-6849EC24734B}
	EndGlobalSection
EndGlobal
