
Microsoft Visual Studio Solution File, Format Version 12.00
# Visual Studio 15
VisualStudioVersion = 15.0.26730.16
MinimumVisualStudioVersion = 10.0.40219.1
Project("{FAE04EC0-301F-11D3-BF4B-00C04F79EFBC}") = "01.HelloName", "HelloName\01.HelloName.csproj", "{05D4DC35-07A9-40C0-BE3E-D7F61AFDA779}"
EndProject
Project("{FAE04EC0-301F-11D3-BF4B-00C04F79EFBC}") = "02.MaxMethod", "MaxMethod\02.MaxMethod.csproj", "{47920B78-8CAC-40FE-B73D-B99202947B0D}"
EndProject
Project("{FAE04EC0-301F-11D3-BF4B-00C04F79EFBC}") = "03.EnglishNameOfTheLastDigit", "EnglishNameOfTheLastDigit\03.EnglishNameOfTheLastDigit.csproj", "{179B2D38-66CE-46E2-9B1C-A79F7F963656}"
EndProject
Project("{FAE04EC0-301F-11D3-BF4B-00C04F79EFBC}") = "04.NumbersInReversedOrder", "NumbersInReversedOrder\04.NumbersInReversedOrder.csproj", "{67D961AA-01B1-47A8-AD33-AE6497529D44}"
EndProject
Project("{FAE04EC0-301F-11D3-BF4B-00C04F79EFBC}") = "05.FibonacciNumbers", "FibonacciNumbers\05.FibonacciNumbers.csproj", "{2D2CCA9F-E85F-45E4-8069-BA4F9EF05C99}"
EndProject
Project("{FAE04EC0-301F-11D3-BF4B-00C04F79EFBC}") = "06.PrimeChecker", "PrimeChecker\06.PrimeChecker.csproj", "{A3EF94E9-2520-4734-BA5C-6859D2C3E75A}"
EndProject
Project("{FAE04EC0-301F-11D3-BF4B-00C04F79EFBC}") = "07.PrimesInGivenRange", "PrimesInGivenRange\07.PrimesInGivenRange.csproj", "{171308ED-5799-422B-BA8A-42DD248E7865}"
EndProject
Project("{FAE04EC0-301F-11D3-BF4B-00C04F79EFBC}") = "10.CubeProperties", "CubeProperties\10.CubeProperties.csproj", "{C17C94E1-0921-45FD-9A07-13BDD82A50F9}"
EndProject
Project("{FAE04EC0-301F-11D3-BF4B-00C04F79EFBC}") = "11.GeometryCalculator", "GeometryCalculator\11.GeometryCalculator.csproj", "{9810FB31-40D1-41F3-A3A1-9B6FF20FF66B}"
EndProject
Project("{FAE04EC0-301F-11D3-BF4B-00C04F79EFBC}") = "12.MasterNumbers", "MasterNumbers\12.MasterNumbers.csproj", "{062CE138-6A28-48BF-B8D7-CCB80478C824}"
EndProject
Project("{FAE04EC0-301F-11D3-BF4B-00C04F79EFBC}") = "08.CenterPoint", "CenterPoint\08.CenterPoint.csproj", "{5E9E49BA-0A14-40D9-A546-AA620AF7C5E0}"
EndProject
Project("{FAE04EC0-301F-11D3-BF4B-00C04F79EFBC}") = "09.LongerLine", "LongerLine\09.LongerLine.csproj", "{9843825E-910C-49CE-B52A-87C968A16557}"
EndProject
Project("{FAE04EC0-301F-11D3-BF4B-00C04F79EFBC}") = "15.SubstringDebugging", "SubstringDebugging\15.SubstringDebugging.csproj", "{259B8D0D-B650-4AC7-8E7A-4B5673E78E62}"
EndProject
Project("{FAE04EC0-301F-11D3-BF4B-00C04F79EFBC}") = "16.InstructionSetDebugging", "InstructionSetDebugging\16.InstructionSetDebugging.csproj", "{00D08C43-C95E-42DA-90F7-80C077D37691}"
EndProject
Project("{FAE04EC0-301F-11D3-BF4B-00C04F79EFBC}") = "BePositiveDebugging", "BePositiveDebugging\BePositiveDebugging.csproj", "{A8CFFB13-C931-49AF-9DA5-66D4168E911B}"
EndProject
Project("{FAE04EC0-301F-11D3-BF4B-00C04F79EFBC}") = "SequenceOfCommands", "SequenceOfCommands\SequenceOfCommands.csproj", "{FA1E0595-3496-45E8-9031-5360A3314CF7}"
EndProject
Global
	GlobalSection(SolutionConfigurationPlatforms) = preSolution
		Debug|Any CPU = Debug|Any CPU
		Release|Any CPU = Release|Any CPU
	EndGlobalSection
	GlobalSection(ProjectConfigurationPlatforms) = postSolution
		{05D4DC35-07A9-40C0-BE3E-D7F61AFDA779}.Debug|Any CPU.ActiveCfg = Debug|Any CPU
		{05D4DC35-07A9-40C0-BE3E-D7F61AFDA779}.Debug|Any CPU.Build.0 = Debug|Any CPU
		{05D4DC35-07A9-40C0-BE3E-D7F61AFDA779}.Release|Any CPU.ActiveCfg = Release|Any CPU
		{05D4DC35-07A9-40C0-BE3E-D7F61AFDA779}.Release|Any CPU.Build.0 = Release|Any CPU
		{47920B78-8CAC-40FE-B73D-B99202947B0D}.Debug|Any CPU.ActiveCfg = Debug|Any CPU
		{47920B78-8CAC-40FE-B73D-B99202947B0D}.Debug|Any CPU.Build.0 = Debug|Any CPU
		{47920B78-8CAC-40FE-B73D-B99202947B0D}.Release|Any CPU.ActiveCfg = Release|Any CPU
		{47920B78-8CAC-40FE-B73D-B99202947B0D}.Release|Any CPU.Build.0 = Release|Any CPU
		{179B2D38-66CE-46E2-9B1C-A79F7F963656}.Debug|Any CPU.ActiveCfg = Debug|Any CPU
		{179B2D38-66CE-46E2-9B1C-A79F7F963656}.Debug|Any CPU.Build.0 = Debug|Any CPU
		{179B2D38-66CE-46E2-9B1C-A79F7F963656}.Release|Any CPU.ActiveCfg = Release|Any CPU
		{179B2D38-66CE-46E2-9B1C-A79F7F963656}.Release|Any CPU.Build.0 = Release|Any CPU
		{67D961AA-01B1-47A8-AD33-AE6497529D44}.Debug|Any CPU.ActiveCfg = Debug|Any CPU
		{67D961AA-01B1-47A8-AD33-AE6497529D44}.Debug|Any CPU.Build.0 = Debug|Any CPU
		{67D961AA-01B1-47A8-AD33-AE6497529D44}.Release|Any CPU.ActiveCfg = Release|Any CPU
		{67D961AA-01B1-47A8-AD33-AE6497529D44}.Release|Any CPU.Build.0 = Release|Any CPU
		{2D2CCA9F-E85F-45E4-8069-BA4F9EF05C99}.Debug|Any CPU.ActiveCfg = Debug|Any CPU
		{2D2CCA9F-E85F-45E4-8069-BA4F9EF05C99}.Debug|Any CPU.Build.0 = Debug|Any CPU
		{2D2CCA9F-E85F-45E4-8069-BA4F9EF05C99}.Release|Any CPU.ActiveCfg = Release|Any CPU
		{2D2CCA9F-E85F-45E4-8069-BA4F9EF05C99}.Release|Any CPU.Build.0 = Release|Any CPU
		{A3EF94E9-2520-4734-BA5C-6859D2C3E75A}.Debug|Any CPU.ActiveCfg = Debug|Any CPU
		{A3EF94E9-2520-4734-BA5C-6859D2C3E75A}.Debug|Any CPU.Build.0 = Debug|Any CPU
		{A3EF94E9-2520-4734-BA5C-6859D2C3E75A}.Release|Any CPU.ActiveCfg = Release|Any CPU
		{A3EF94E9-2520-4734-BA5C-6859D2C3E75A}.Release|Any CPU.Build.0 = Release|Any CPU
		{171308ED-5799-422B-BA8A-42DD248E7865}.Debug|Any CPU.ActiveCfg = Debug|Any CPU
		{171308ED-5799-422B-BA8A-42DD248E7865}.Debug|Any CPU.Build.0 = Debug|Any CPU
		{171308ED-5799-422B-BA8A-42DD248E7865}.Release|Any CPU.ActiveCfg = Release|Any CPU
		{171308ED-5799-422B-BA8A-42DD248E7865}.Release|Any CPU.Build.0 = Release|Any CPU
		{C17C94E1-0921-45FD-9A07-13BDD82A50F9}.Debug|Any CPU.ActiveCfg = Debug|Any CPU
		{C17C94E1-0921-45FD-9A07-13BDD82A50F9}.Debug|Any CPU.Build.0 = Debug|Any CPU
		{C17C94E1-0921-45FD-9A07-13BDD82A50F9}.Release|Any CPU.ActiveCfg = Release|Any CPU
		{C17C94E1-0921-45FD-9A07-13BDD82A50F9}.Release|Any CPU.Build.0 = Release|Any CPU
		{9810FB31-40D1-41F3-A3A1-9B6FF20FF66B}.Debug|Any CPU.ActiveCfg = Debug|Any CPU
		{9810FB31-40D1-41F3-A3A1-9B6FF20FF66B}.Debug|Any CPU.Build.0 = Debug|Any CPU
		{9810FB31-40D1-41F3-A3A1-9B6FF20FF66B}.Release|Any CPU.ActiveCfg = Release|Any CPU
		{9810FB31-40D1-41F3-A3A1-9B6FF20FF66B}.Release|Any CPU.Build.0 = Release|Any CPU
		{062CE138-6A28-48BF-B8D7-CCB80478C824}.Debug|Any CPU.ActiveCfg = Debug|Any CPU
		{062CE138-6A28-48BF-B8D7-CCB80478C824}.Debug|Any CPU.Build.0 = Debug|Any CPU
		{062CE138-6A28-48BF-B8D7-CCB80478C824}.Release|Any CPU.ActiveCfg = Release|Any CPU
		{062CE138-6A28-48BF-B8D7-CCB80478C824}.Release|Any CPU.Build.0 = Release|Any CPU
		{5E9E49BA-0A14-40D9-A546-AA620AF7C5E0}.Debug|Any CPU.ActiveCfg = Debug|Any CPU
		{5E9E49BA-0A14-40D9-A546-AA620AF7C5E0}.Debug|Any CPU.Build.0 = Debug|Any CPU
		{5E9E49BA-0A14-40D9-A546-AA620AF7C5E0}.Release|Any CPU.ActiveCfg = Release|Any CPU
		{5E9E49BA-0A14-40D9-A546-AA620AF7C5E0}.Release|Any CPU.Build.0 = Release|Any CPU
		{9843825E-910C-49CE-B52A-87C968A16557}.Debug|Any CPU.ActiveCfg = Debug|Any CPU
		{9843825E-910C-49CE-B52A-87C968A16557}.Debug|Any CPU.Build.0 = Debug|Any CPU
		{9843825E-910C-49CE-B52A-87C968A16557}.Release|Any CPU.ActiveCfg = Release|Any CPU
		{9843825E-910C-49CE-B52A-87C968A16557}.Release|Any CPU.Build.0 = Release|Any CPU
		{259B8D0D-B650-4AC7-8E7A-4B5673E78E62}.Debug|Any CPU.ActiveCfg = Debug|Any CPU
		{259B8D0D-B650-4AC7-8E7A-4B5673E78E62}.Debug|Any CPU.Build.0 = Debug|Any CPU
		{259B8D0D-B650-4AC7-8E7A-4B5673E78E62}.Release|Any CPU.ActiveCfg = Release|Any CPU
		{259B8D0D-B650-4AC7-8E7A-4B5673E78E62}.Release|Any CPU.Build.0 = Release|Any CPU
		{00D08C43-C95E-42DA-90F7-80C077D37691}.Debug|Any CPU.ActiveCfg = Debug|Any CPU
		{00D08C43-C95E-42DA-90F7-80C077D37691}.Debug|Any CPU.Build.0 = Debug|Any CPU
		{00D08C43-C95E-42DA-90F7-80C077D37691}.Release|Any CPU.ActiveCfg = Release|Any CPU
		{00D08C43-C95E-42DA-90F7-80C077D37691}.Release|Any CPU.Build.0 = Release|Any CPU
		{A8CFFB13-C931-49AF-9DA5-66D4168E911B}.Debug|Any CPU.ActiveCfg = Debug|Any CPU
		{A8CFFB13-C931-49AF-9DA5-66D4168E911B}.Debug|Any CPU.Build.0 = Debug|Any CPU
		{A8CFFB13-C931-49AF-9DA5-66D4168E911B}.Release|Any CPU.ActiveCfg = Release|Any CPU
		{A8CFFB13-C931-49AF-9DA5-66D4168E911B}.Release|Any CPU.Build.0 = Release|Any CPU
		{FA1E0595-3496-45E8-9031-5360A3314CF7}.Debug|Any CPU.ActiveCfg = Debug|Any CPU
		{FA1E0595-3496-45E8-9031-5360A3314CF7}.Debug|Any CPU.Build.0 = Debug|Any CPU
		{FA1E0595-3496-45E8-9031-5360A3314CF7}.Release|Any CPU.ActiveCfg = Release|Any CPU
		{FA1E0595-3496-45E8-9031-5360A3314CF7}.Release|Any CPU.Build.0 = Release|Any CPU
	EndGlobalSection
	GlobalSection(SolutionProperties) = preSolution
		HideSolutionNode = FALSE
	EndGlobalSection
	GlobalSection(ExtensibilityGlobals) = postSolution
		SolutionGuid = {DED49E44-60C2-4BA7-89EC-86AB87E042F3}
	EndGlobalSection
EndGlobal
