
Microsoft Visual Studio Solution File, Format Version 12.00
# Visual Studio 15
VisualStudioVersion = 15.0.27004.2005
MinimumVisualStudioVersion = 10.0.40219.1
Project("{FAE04EC0-301F-11D3-BF4B-00C04F79EFBC}") = "01.ReverseString", "ReverseString\01.ReverseString.csproj", "{0520E695-8C87-4142-BB54-E293378A5514}"
EndProject
Project("{FAE04EC0-301F-11D3-BF4B-00C04F79EFBC}") = "02.CountSubstringOccurrences", "CountSubstringOccurrences\02.CountSubstringOccurrences.csproj", "{CE60365C-0CFC-496E-911F-6BDD6902D95B}"
EndProject
Project("{FAE04EC0-301F-11D3-BF4B-00C04F79EFBC}") = "03.TextFilter", "TextFilter\03.TextFilter.csproj", "{365D2430-4312-4043-BA0C-6943D283B294}"
EndProject
Project("{FAE04EC0-301F-11D3-BF4B-00C04F79EFBC}") = "04.Palindromes", "Palindromes\04.Palindromes.csproj", "{73291B3A-74DA-4CFB-997C-6F3D67B75F1F}"
EndProject
Global
	GlobalSection(SolutionConfigurationPlatforms) = preSolution
		Debug|Any CPU = Debug|Any CPU
		Release|Any CPU = Release|Any CPU
	EndGlobalSection
	GlobalSection(ProjectConfigurationPlatforms) = postSolution
		{0520E695-8C87-4142-BB54-E293378A5514}.Debug|Any CPU.ActiveCfg = Debug|Any CPU
		{0520E695-8C87-4142-BB54-E293378A5514}.Debug|Any CPU.Build.0 = Debug|Any CPU
		{0520E695-8C87-4142-BB54-E293378A5514}.Release|Any CPU.ActiveCfg = Release|Any CPU
		{0520E695-8C87-4142-BB54-E293378A5514}.Release|Any CPU.Build.0 = Release|Any CPU
		{CE60365C-0CFC-496E-911F-6BDD6902D95B}.Debug|Any CPU.ActiveCfg = Debug|Any CPU
		{CE60365C-0CFC-496E-911F-6BDD6902D95B}.Debug|Any CPU.Build.0 = Debug|Any CPU
		{CE60365C-0CFC-496E-911F-6BDD6902D95B}.Release|Any CPU.ActiveCfg = Release|Any CPU
		{CE60365C-0CFC-496E-911F-6BDD6902D95B}.Release|Any CPU.Build.0 = Release|Any CPU
		{365D2430-4312-4043-BA0C-6943D283B294}.Debug|Any CPU.ActiveCfg = Debug|Any CPU
		{365D2430-4312-4043-BA0C-6943D283B294}.Debug|Any CPU.Build.0 = Debug|Any CPU
		{365D2430-4312-4043-BA0C-6943D283B294}.Release|Any CPU.ActiveCfg = Release|Any CPU
		{365D2430-4312-4043-BA0C-6943D283B294}.Release|Any CPU.Build.0 = Release|Any CPU
		{73291B3A-74DA-4CFB-997C-6F3D67B75F1F}.Debug|Any CPU.ActiveCfg = Debug|Any CPU
		{73291B3A-74DA-4CFB-997C-6F3D67B75F1F}.Debug|Any CPU.Build.0 = Debug|Any CPU
		{73291B3A-74DA-4CFB-997C-6F3D67B75F1F}.Release|Any CPU.ActiveCfg = Release|Any CPU
		{73291B3A-74DA-4CFB-997C-6F3D67B75F1F}.Release|Any CPU.Build.0 = Release|Any CPU
	EndGlobalSection
	GlobalSection(SolutionProperties) = preSolution
		HideSolutionNode = FALSE
	EndGlobalSection
	GlobalSection(ExtensibilityGlobals) = postSolution
		SolutionGuid = {0B8FA9E5-8D42-4BF8-AF28-2018B06C69C0}
	EndGlobalSection
EndGlobal
