
Microsoft Visual Studio Solution File, Format Version 12.00
# Visual Studio 15
VisualStudioVersion = 15.0.27004.2005
MinimumVisualStudioVersion = 10.0.40219.1
Project("{FAE04EC0-301F-11D3-BF4B-00C04F79EFBC}") = "01.MatchFullName", "MatchFullName\01.MatchFullName.csproj", "{17D546CE-8B8A-412E-ADE9-418A74829E9A}"
EndProject
Project("{FAE04EC0-301F-11D3-BF4B-00C04F79EFBC}") = "02.MatchPhoneNumber", "MatchPhoneNumber\02.MatchPhoneNumber.csproj", "{77FED6E8-E680-4804-B739-560626753F33}"
EndProject
Project("{FAE04EC0-301F-11D3-BF4B-00C04F79EFBC}") = "03.MatchHexadecimalNumbers", "MatchHexadecimalNumbers\03.MatchHexadecimalNumbers.csproj", "{94D9E326-527E-4FE8-86AD-390441B21C82}"
EndProject
Project("{FAE04EC0-301F-11D3-BF4B-00C04F79EFBC}") = "04.MatchDates", "MatchDates\04.MatchDates.csproj", "{A3CA2D17-F18E-4DCE-BC28-D35B0B8A8979}"
EndProject
Project("{FAE04EC0-301F-11D3-BF4B-00C04F79EFBC}") = "07.ReplaceATag", "ReplaceATag\07.ReplaceATag.csproj", "{F398AD99-900C-4295-94B9-23328D875E50}"
EndProject
Project("{FAE04EC0-301F-11D3-BF4B-00C04F79EFBC}") = "05.MatchNumbers", "MatchNumbers\05.MatchNumbers.csproj", "{C61548C0-87FC-48C6-9BDA-7C7DE45B3033}"
EndProject
Global
	GlobalSection(SolutionConfigurationPlatforms) = preSolution
		Debug|Any CPU = Debug|Any CPU
		Release|Any CPU = Release|Any CPU
	EndGlobalSection
	GlobalSection(ProjectConfigurationPlatforms) = postSolution
		{17D546CE-8B8A-412E-ADE9-418A74829E9A}.Debug|Any CPU.ActiveCfg = Debug|Any CPU
		{17D546CE-8B8A-412E-ADE9-418A74829E9A}.Debug|Any CPU.Build.0 = Debug|Any CPU
		{17D546CE-8B8A-412E-ADE9-418A74829E9A}.Release|Any CPU.ActiveCfg = Release|Any CPU
		{17D546CE-8B8A-412E-ADE9-418A74829E9A}.Release|Any CPU.Build.0 = Release|Any CPU
		{77FED6E8-E680-4804-B739-560626753F33}.Debug|Any CPU.ActiveCfg = Debug|Any CPU
		{77FED6E8-E680-4804-B739-560626753F33}.Debug|Any CPU.Build.0 = Debug|Any CPU
		{77FED6E8-E680-4804-B739-560626753F33}.Release|Any CPU.ActiveCfg = Release|Any CPU
		{77FED6E8-E680-4804-B739-560626753F33}.Release|Any CPU.Build.0 = Release|Any CPU
		{94D9E326-527E-4FE8-86AD-390441B21C82}.Debug|Any CPU.ActiveCfg = Debug|Any CPU
		{94D9E326-527E-4FE8-86AD-390441B21C82}.Debug|Any CPU.Build.0 = Debug|Any CPU
		{94D9E326-527E-4FE8-86AD-390441B21C82}.Release|Any CPU.ActiveCfg = Release|Any CPU
		{94D9E326-527E-4FE8-86AD-390441B21C82}.Release|Any CPU.Build.0 = Release|Any CPU
		{A3CA2D17-F18E-4DCE-BC28-D35B0B8A8979}.Debug|Any CPU.ActiveCfg = Debug|Any CPU
		{A3CA2D17-F18E-4DCE-BC28-D35B0B8A8979}.Debug|Any CPU.Build.0 = Debug|Any CPU
		{A3CA2D17-F18E-4DCE-BC28-D35B0B8A8979}.Release|Any CPU.ActiveCfg = Release|Any CPU
		{A3CA2D17-F18E-4DCE-BC28-D35B0B8A8979}.Release|Any CPU.Build.0 = Release|Any CPU
		{F398AD99-900C-4295-94B9-23328D875E50}.Debug|Any CPU.ActiveCfg = Debug|Any CPU
		{F398AD99-900C-4295-94B9-23328D875E50}.Debug|Any CPU.Build.0 = Debug|Any CPU
		{F398AD99-900C-4295-94B9-23328D875E50}.Release|Any CPU.ActiveCfg = Release|Any CPU
		{F398AD99-900C-4295-94B9-23328D875E50}.Release|Any CPU.Build.0 = Release|Any CPU
		{C61548C0-87FC-48C6-9BDA-7C7DE45B3033}.Debug|Any CPU.ActiveCfg = Debug|Any CPU
		{C61548C0-87FC-48C6-9BDA-7C7DE45B3033}.Debug|Any CPU.Build.0 = Debug|Any CPU
		{C61548C0-87FC-48C6-9BDA-7C7DE45B3033}.Release|Any CPU.ActiveCfg = Release|Any CPU
		{C61548C0-87FC-48C6-9BDA-7C7DE45B3033}.Release|Any CPU.Build.0 = Release|Any CPU
	EndGlobalSection
	GlobalSection(SolutionProperties) = preSolution
		HideSolutionNode = FALSE
	EndGlobalSection
	GlobalSection(ExtensibilityGlobals) = postSolution
		SolutionGuid = {161FCCA6-923D-49FD-AAEA-BA7F59DDD40A}
	EndGlobalSection
EndGlobal
