
Microsoft Visual Studio Solution File, Format Version 12.00
# Visual Studio 15
VisualStudioVersion = 15.0.26730.16
MinimumVisualStudioVersion = 10.0.40219.1
Project("{FAE04EC0-301F-11D3-BF4B-00C04F79EFBC}") = "demo", "demo\demo.csproj", "{60DBC38A-E6EA-46A3-8C38-1C2D94067901}"
EndProject
Project("{FAE04EC0-301F-11D3-BF4B-00C04F79EFBC}") = "01.CenturiesToMinutes", "CenturiesToMinutes\01.CenturiesToMinutes.csproj", "{C48EC7CB-9397-49E9-907E-D78EBB2FA1C2}"
EndProject
Project("{FAE04EC0-301F-11D3-BF4B-00C04F79EFBC}") = "02.CircleArea", "CircleArea\02.CircleArea.csproj", "{310613A8-21F0-421A-B3E8-97538E7AFFFA}"
EndProject
Project("{FAE04EC0-301F-11D3-BF4B-00C04F79EFBC}") = "03.ExactSumOfRealNumbers", "ExactSumOfRealNumbers\03.ExactSumOfRealNumbers.csproj", "{D6DDADC9-EB36-4B78-98FB-3C239AF85A89}"
EndProject
Project("{FAE04EC0-301F-11D3-BF4B-00C04F79EFBC}") = "04.Elevator", "Elevator\04.Elevator.csproj", "{C9EE8300-188F-4BEA-85F5-5EA60D9EE9B1}"
EndProject
Project("{FAE04EC0-301F-11D3-BF4B-00C04F79EFBC}") = "05.SpecialNumbers", "SpecialNumbers\05.SpecialNumbers.csproj", "{8DF1C4E0-A826-47A0-A8B5-6A164983CE6C}"
EndProject
Project("{FAE04EC0-301F-11D3-BF4B-00C04F79EFBC}") = "06.TripleOfLetters", "TripleOfLetters\06.TripleOfLetters.csproj", "{D5B47C1A-EA1B-421C-829E-988308FB9E44}"
EndProject
Project("{FAE04EC0-301F-11D3-BF4B-00C04F79EFBC}") = "07.Greetings", "Greetings\07.Greetings.csproj", "{8F08F36F-8FDA-4832-87FA-3F2B882DD28D}"
EndProject
Project("{FAE04EC0-301F-11D3-BF4B-00C04F79EFBC}") = "08.RefactorVolumeOfPyramid", "RefactorVolumeOfPyramid\08.RefactorVolumeOfPyramid.csproj", "{3D54711E-9109-4DD3-99FE-A887F51DAEC9}"
EndProject
Project("{FAE04EC0-301F-11D3-BF4B-00C04F79EFBC}") = "09.RefactorSpecialNumbers", "RefactorSpecialNumbers\09.RefactorSpecialNumbers.csproj", "{CB64D699-E92C-44D5-B3B3-06D6071C2F9A}"
EndProject
Global
	GlobalSection(SolutionConfigurationPlatforms) = preSolution
		Debug|Any CPU = Debug|Any CPU
		Release|Any CPU = Release|Any CPU
	EndGlobalSection
	GlobalSection(ProjectConfigurationPlatforms) = postSolution
		{60DBC38A-E6EA-46A3-8C38-1C2D94067901}.Debug|Any CPU.ActiveCfg = Debug|Any CPU
		{60DBC38A-E6EA-46A3-8C38-1C2D94067901}.Debug|Any CPU.Build.0 = Debug|Any CPU
		{60DBC38A-E6EA-46A3-8C38-1C2D94067901}.Release|Any CPU.ActiveCfg = Release|Any CPU
		{60DBC38A-E6EA-46A3-8C38-1C2D94067901}.Release|Any CPU.Build.0 = Release|Any CPU
		{C48EC7CB-9397-49E9-907E-D78EBB2FA1C2}.Debug|Any CPU.ActiveCfg = Debug|Any CPU
		{C48EC7CB-9397-49E9-907E-D78EBB2FA1C2}.Debug|Any CPU.Build.0 = Debug|Any CPU
		{C48EC7CB-9397-49E9-907E-D78EBB2FA1C2}.Release|Any CPU.ActiveCfg = Release|Any CPU
		{C48EC7CB-9397-49E9-907E-D78EBB2FA1C2}.Release|Any CPU.Build.0 = Release|Any CPU
		{310613A8-21F0-421A-B3E8-97538E7AFFFA}.Debug|Any CPU.ActiveCfg = Debug|Any CPU
		{310613A8-21F0-421A-B3E8-97538E7AFFFA}.Debug|Any CPU.Build.0 = Debug|Any CPU
		{310613A8-21F0-421A-B3E8-97538E7AFFFA}.Release|Any CPU.ActiveCfg = Release|Any CPU
		{310613A8-21F0-421A-B3E8-97538E7AFFFA}.Release|Any CPU.Build.0 = Release|Any CPU
		{D6DDADC9-EB36-4B78-98FB-3C239AF85A89}.Debug|Any CPU.ActiveCfg = Debug|Any CPU
		{D6DDADC9-EB36-4B78-98FB-3C239AF85A89}.Debug|Any CPU.Build.0 = Debug|Any CPU
		{D6DDADC9-EB36-4B78-98FB-3C239AF85A89}.Release|Any CPU.ActiveCfg = Release|Any CPU
		{D6DDADC9-EB36-4B78-98FB-3C239AF85A89}.Release|Any CPU.Build.0 = Release|Any CPU
		{C9EE8300-188F-4BEA-85F5-5EA60D9EE9B1}.Debug|Any CPU.ActiveCfg = Debug|Any CPU
		{C9EE8300-188F-4BEA-85F5-5EA60D9EE9B1}.Debug|Any CPU.Build.0 = Debug|Any CPU
		{C9EE8300-188F-4BEA-85F5-5EA60D9EE9B1}.Release|Any CPU.ActiveCfg = Release|Any CPU
		{C9EE8300-188F-4BEA-85F5-5EA60D9EE9B1}.Release|Any CPU.Build.0 = Release|Any CPU
		{8DF1C4E0-A826-47A0-A8B5-6A164983CE6C}.Debug|Any CPU.ActiveCfg = Debug|Any CPU
		{8DF1C4E0-A826-47A0-A8B5-6A164983CE6C}.Debug|Any CPU.Build.0 = Debug|Any CPU
		{8DF1C4E0-A826-47A0-A8B5-6A164983CE6C}.Release|Any CPU.ActiveCfg = Release|Any CPU
		{8DF1C4E0-A826-47A0-A8B5-6A164983CE6C}.Release|Any CPU.Build.0 = Release|Any CPU
		{D5B47C1A-EA1B-421C-829E-988308FB9E44}.Debug|Any CPU.ActiveCfg = Debug|Any CPU
		{D5B47C1A-EA1B-421C-829E-988308FB9E44}.Debug|Any CPU.Build.0 = Debug|Any CPU
		{D5B47C1A-EA1B-421C-829E-988308FB9E44}.Release|Any CPU.ActiveCfg = Release|Any CPU
		{D5B47C1A-EA1B-421C-829E-988308FB9E44}.Release|Any CPU.Build.0 = Release|Any CPU
		{8F08F36F-8FDA-4832-87FA-3F2B882DD28D}.Debug|Any CPU.ActiveCfg = Debug|Any CPU
		{8F08F36F-8FDA-4832-87FA-3F2B882DD28D}.Debug|Any CPU.Build.0 = Debug|Any CPU
		{8F08F36F-8FDA-4832-87FA-3F2B882DD28D}.Release|Any CPU.ActiveCfg = Release|Any CPU
		{8F08F36F-8FDA-4832-87FA-3F2B882DD28D}.Release|Any CPU.Build.0 = Release|Any CPU
		{3D54711E-9109-4DD3-99FE-A887F51DAEC9}.Debug|Any CPU.ActiveCfg = Debug|Any CPU
		{3D54711E-9109-4DD3-99FE-A887F51DAEC9}.Debug|Any CPU.Build.0 = Debug|Any CPU
		{3D54711E-9109-4DD3-99FE-A887F51DAEC9}.Release|Any CPU.ActiveCfg = Release|Any CPU
		{3D54711E-9109-4DD3-99FE-A887F51DAEC9}.Release|Any CPU.Build.0 = Release|Any CPU
		{CB64D699-E92C-44D5-B3B3-06D6071C2F9A}.Debug|Any CPU.ActiveCfg = Debug|Any CPU
		{CB64D699-E92C-44D5-B3B3-06D6071C2F9A}.Debug|Any CPU.Build.0 = Debug|Any CPU
		{CB64D699-E92C-44D5-B3B3-06D6071C2F9A}.Release|Any CPU.ActiveCfg = Release|Any CPU
		{CB64D699-E92C-44D5-B3B3-06D6071C2F9A}.Release|Any CPU.Build.0 = Release|Any CPU
	EndGlobalSection
	GlobalSection(SolutionProperties) = preSolution
		HideSolutionNode = FALSE
	EndGlobalSection
	GlobalSection(ExtensibilityGlobals) = postSolution
		SolutionGuid = {9D754DA9-E1D0-423B-95AE-65484F94FC28}
	EndGlobalSection
EndGlobal
