
Microsoft Visual Studio Solution File, Format Version 12.00
# Visual Studio 15
VisualStudioVersion = 15.0.26730.16
MinimumVisualStudioVersion = 10.0.40219.1
Project("{FAE04EC0-301F-11D3-BF4B-00C04F79EFBC}") = "01.LargestCommonEnd", "LargestCommonEnd\01.LargestCommonEnd.csproj", "{0FB0B51B-3EF8-4A7F-BD00-7971FFC97715}"
EndProject
Project("{FAE04EC0-301F-11D3-BF4B-00C04F79EFBC}") = "02.RotateAndSum", "RotateAndSum\02.RotateAndSum.csproj", "{918F717E-B2FA-4A54-AF9C-F72474DACE00}"
EndProject
Project("{FAE04EC0-301F-11D3-BF4B-00C04F79EFBC}") = "03.FoldAndSum", "FoldAndSum\03.FoldAndSum.csproj", "{E48BC4D8-4C6F-4FA4-AA82-8761F2DA8A37}"
EndProject
Project("{FAE04EC0-301F-11D3-BF4B-00C04F79EFBC}") = "04.SieveOfEratosthenes", "SieveOfEratosthenes\04.SieveOfEratosthenes.csproj", "{47D61373-B573-47B9-8899-FDD7C471D90D}"
EndProject
Project("{FAE04EC0-301F-11D3-BF4B-00C04F79EFBC}") = "05.CompareCharArrays", "CompareCharArrays\05.CompareCharArrays.csproj", "{9B029964-D2A5-4DAC-B902-7A55351EDCFD}"
EndProject
Project("{FAE04EC0-301F-11D3-BF4B-00C04F79EFBC}") = "06.MaxSequenceofEqualElements", "MaxSequenceofEqualElements\06.MaxSequenceofEqualElements.csproj", "{2D3BCFED-062D-4438-8C04-66B601C0ADD3}"
EndProject
Project("{FAE04EC0-301F-11D3-BF4B-00C04F79EFBC}") = "07.MaxSequenceofIncreasingElements", "MaxSequenceofIncreasingElements\07.MaxSequenceofIncreasingElements.csproj", "{59C033D6-0DC9-4664-817B-536B7F4671DD}"
EndProject
Project("{FAE04EC0-301F-11D3-BF4B-00C04F79EFBC}") = "08.MostFrequentNumber", "MostFrequentNumber\08.MostFrequentNumber.csproj", "{2971B5B7-E092-4E04-8B64-5413F09124CE}"
EndProject
Project("{FAE04EC0-301F-11D3-BF4B-00C04F79EFBC}") = "09.IndexofLetters", "IndexofLetters\09.IndexofLetters.csproj", "{B2D81DFA-8C78-4C3A-807C-B653344891F0}"
EndProject
Project("{FAE04EC0-301F-11D3-BF4B-00C04F79EFBC}") = "10.PairsbyDifference", "PairsbyDifference\10.PairsbyDifference.csproj", "{E89A92F8-03A3-467C-BB7B-F193830672E5}"
EndProject
Project("{FAE04EC0-301F-11D3-BF4B-00C04F79EFBC}") = "11.EqualSums", "EqualSums\11.EqualSums.csproj", "{789B761C-8E77-4AA1-80A5-7B6600731014}"
EndProject
Global
	GlobalSection(SolutionConfigurationPlatforms) = preSolution
		Debug|Any CPU = Debug|Any CPU
		Release|Any CPU = Release|Any CPU
	EndGlobalSection
	GlobalSection(ProjectConfigurationPlatforms) = postSolution
		{0FB0B51B-3EF8-4A7F-BD00-7971FFC97715}.Debug|Any CPU.ActiveCfg = Debug|Any CPU
		{0FB0B51B-3EF8-4A7F-BD00-7971FFC97715}.Debug|Any CPU.Build.0 = Debug|Any CPU
		{0FB0B51B-3EF8-4A7F-BD00-7971FFC97715}.Release|Any CPU.ActiveCfg = Release|Any CPU
		{0FB0B51B-3EF8-4A7F-BD00-7971FFC97715}.Release|Any CPU.Build.0 = Release|Any CPU
		{918F717E-B2FA-4A54-AF9C-F72474DACE00}.Debug|Any CPU.ActiveCfg = Debug|Any CPU
		{918F717E-B2FA-4A54-AF9C-F72474DACE00}.Debug|Any CPU.Build.0 = Debug|Any CPU
		{918F717E-B2FA-4A54-AF9C-F72474DACE00}.Release|Any CPU.ActiveCfg = Release|Any CPU
		{918F717E-B2FA-4A54-AF9C-F72474DACE00}.Release|Any CPU.Build.0 = Release|Any CPU
		{E48BC4D8-4C6F-4FA4-AA82-8761F2DA8A37}.Debug|Any CPU.ActiveCfg = Debug|Any CPU
		{E48BC4D8-4C6F-4FA4-AA82-8761F2DA8A37}.Debug|Any CPU.Build.0 = Debug|Any CPU
		{E48BC4D8-4C6F-4FA4-AA82-8761F2DA8A37}.Release|Any CPU.ActiveCfg = Release|Any CPU
		{E48BC4D8-4C6F-4FA4-AA82-8761F2DA8A37}.Release|Any CPU.Build.0 = Release|Any CPU
		{47D61373-B573-47B9-8899-FDD7C471D90D}.Debug|Any CPU.ActiveCfg = Debug|Any CPU
		{47D61373-B573-47B9-8899-FDD7C471D90D}.Debug|Any CPU.Build.0 = Debug|Any CPU
		{47D61373-B573-47B9-8899-FDD7C471D90D}.Release|Any CPU.ActiveCfg = Release|Any CPU
		{47D61373-B573-47B9-8899-FDD7C471D90D}.Release|Any CPU.Build.0 = Release|Any CPU
		{9B029964-D2A5-4DAC-B902-7A55351EDCFD}.Debug|Any CPU.ActiveCfg = Debug|Any CPU
		{9B029964-D2A5-4DAC-B902-7A55351EDCFD}.Debug|Any CPU.Build.0 = Debug|Any CPU
		{9B029964-D2A5-4DAC-B902-7A55351EDCFD}.Release|Any CPU.ActiveCfg = Release|Any CPU
		{9B029964-D2A5-4DAC-B902-7A55351EDCFD}.Release|Any CPU.Build.0 = Release|Any CPU
		{2D3BCFED-062D-4438-8C04-66B601C0ADD3}.Debug|Any CPU.ActiveCfg = Debug|Any CPU
		{2D3BCFED-062D-4438-8C04-66B601C0ADD3}.Debug|Any CPU.Build.0 = Debug|Any CPU
		{2D3BCFED-062D-4438-8C04-66B601C0ADD3}.Release|Any CPU.ActiveCfg = Release|Any CPU
		{2D3BCFED-062D-4438-8C04-66B601C0ADD3}.Release|Any CPU.Build.0 = Release|Any CPU
		{59C033D6-0DC9-4664-817B-536B7F4671DD}.Debug|Any CPU.ActiveCfg = Debug|Any CPU
		{59C033D6-0DC9-4664-817B-536B7F4671DD}.Debug|Any CPU.Build.0 = Debug|Any CPU
		{59C033D6-0DC9-4664-817B-536B7F4671DD}.Release|Any CPU.ActiveCfg = Release|Any CPU
		{59C033D6-0DC9-4664-817B-536B7F4671DD}.Release|Any CPU.Build.0 = Release|Any CPU
		{2971B5B7-E092-4E04-8B64-5413F09124CE}.Debug|Any CPU.ActiveCfg = Debug|Any CPU
		{2971B5B7-E092-4E04-8B64-5413F09124CE}.Debug|Any CPU.Build.0 = Debug|Any CPU
		{2971B5B7-E092-4E04-8B64-5413F09124CE}.Release|Any CPU.ActiveCfg = Release|Any CPU
		{2971B5B7-E092-4E04-8B64-5413F09124CE}.Release|Any CPU.Build.0 = Release|Any CPU
		{B2D81DFA-8C78-4C3A-807C-B653344891F0}.Debug|Any CPU.ActiveCfg = Debug|Any CPU
		{B2D81DFA-8C78-4C3A-807C-B653344891F0}.Debug|Any CPU.Build.0 = Debug|Any CPU
		{B2D81DFA-8C78-4C3A-807C-B653344891F0}.Release|Any CPU.ActiveCfg = Release|Any CPU
		{B2D81DFA-8C78-4C3A-807C-B653344891F0}.Release|Any CPU.Build.0 = Release|Any CPU
		{E89A92F8-03A3-467C-BB7B-F193830672E5}.Debug|Any CPU.ActiveCfg = Debug|Any CPU
		{E89A92F8-03A3-467C-BB7B-F193830672E5}.Debug|Any CPU.Build.0 = Debug|Any CPU
		{E89A92F8-03A3-467C-BB7B-F193830672E5}.Release|Any CPU.ActiveCfg = Release|Any CPU
		{E89A92F8-03A3-467C-BB7B-F193830672E5}.Release|Any CPU.Build.0 = Release|Any CPU
		{789B761C-8E77-4AA1-80A5-7B6600731014}.Debug|Any CPU.ActiveCfg = Debug|Any CPU
		{789B761C-8E77-4AA1-80A5-7B6600731014}.Debug|Any CPU.Build.0 = Debug|Any CPU
		{789B761C-8E77-4AA1-80A5-7B6600731014}.Release|Any CPU.ActiveCfg = Release|Any CPU
		{789B761C-8E77-4AA1-80A5-7B6600731014}.Release|Any CPU.Build.0 = Release|Any CPU
	EndGlobalSection
	GlobalSection(SolutionProperties) = preSolution
		HideSolutionNode = FALSE
	EndGlobalSection
	GlobalSection(ExtensibilityGlobals) = postSolution
		SolutionGuid = {71F3CA2E-7A2C-4FD9-85F2-50871A8517AA}
	EndGlobalSection
EndGlobal
