
Microsoft Visual Studio Solution File, Format Version 12.00
# Visual Studio 15
VisualStudioVersion = 15.0.27004.2002
MinimumVisualStudioVersion = 10.0.40219.1
Project("{FAE04EC0-301F-11D3-BF4B-00C04F79EFBC}") = "01.CountWorkingDays", "CountWorkingDays\01.CountWorkingDays.csproj", "{F0B5FE97-041E-4BD6-8BAA-D53E380284B9}"
EndProject
Project("{FAE04EC0-301F-11D3-BF4B-00C04F79EFBC}") = "02.AdvertisementMessage", "AdvertisementMessage\02.AdvertisementMessage.csproj", "{482000C1-F16C-4ED7-AEF0-64A86845E7C0}"
EndProject
Project("{FAE04EC0-301F-11D3-BF4B-00C04F79EFBC}") = "03.IntersectionofCircles", "IntersectionofCircles\03.IntersectionofCircles.csproj", "{F4B0F5A4-F4E2-4DCA-B47A-B4BFB2B8CDCB}"
EndProject
Project("{FAE04EC0-301F-11D3-BF4B-00C04F79EFBC}") = "04.AverageGrades", "AverageGrades\04.AverageGrades.csproj", "{445CF4C3-6566-4E75-A664-46A390DE2979}"
EndProject
Project("{FAE04EC0-301F-11D3-BF4B-00C04F79EFBC}") = "05.BookLibrary", "BookLibrary\05.BookLibrary.csproj", "{C2B80C07-5541-4509-B340-FBBE1808B298}"
EndProject
Global
	GlobalSection(SolutionConfigurationPlatforms) = preSolution
		Debug|Any CPU = Debug|Any CPU
		Release|Any CPU = Release|Any CPU
	EndGlobalSection
	GlobalSection(ProjectConfigurationPlatforms) = postSolution
		{F0B5FE97-041E-4BD6-8BAA-D53E380284B9}.Debug|Any CPU.ActiveCfg = Debug|Any CPU
		{F0B5FE97-041E-4BD6-8BAA-D53E380284B9}.Debug|Any CPU.Build.0 = Debug|Any CPU
		{F0B5FE97-041E-4BD6-8BAA-D53E380284B9}.Release|Any CPU.ActiveCfg = Release|Any CPU
		{F0B5FE97-041E-4BD6-8BAA-D53E380284B9}.Release|Any CPU.Build.0 = Release|Any CPU
		{482000C1-F16C-4ED7-AEF0-64A86845E7C0}.Debug|Any CPU.ActiveCfg = Debug|Any CPU
		{482000C1-F16C-4ED7-AEF0-64A86845E7C0}.Debug|Any CPU.Build.0 = Debug|Any CPU
		{482000C1-F16C-4ED7-AEF0-64A86845E7C0}.Release|Any CPU.ActiveCfg = Release|Any CPU
		{482000C1-F16C-4ED7-AEF0-64A86845E7C0}.Release|Any CPU.Build.0 = Release|Any CPU
		{F4B0F5A4-F4E2-4DCA-B47A-B4BFB2B8CDCB}.Debug|Any CPU.ActiveCfg = Debug|Any CPU
		{F4B0F5A4-F4E2-4DCA-B47A-B4BFB2B8CDCB}.Debug|Any CPU.Build.0 = Debug|Any CPU
		{F4B0F5A4-F4E2-4DCA-B47A-B4BFB2B8CDCB}.Release|Any CPU.ActiveCfg = Release|Any CPU
		{F4B0F5A4-F4E2-4DCA-B47A-B4BFB2B8CDCB}.Release|Any CPU.Build.0 = Release|Any CPU
		{445CF4C3-6566-4E75-A664-46A390DE2979}.Debug|Any CPU.ActiveCfg = Debug|Any CPU
		{445CF4C3-6566-4E75-A664-46A390DE2979}.Debug|Any CPU.Build.0 = Debug|Any CPU
		{445CF4C3-6566-4E75-A664-46A390DE2979}.Release|Any CPU.ActiveCfg = Release|Any CPU
		{445CF4C3-6566-4E75-A664-46A390DE2979}.Release|Any CPU.Build.0 = Release|Any CPU
		{C2B80C07-5541-4509-B340-FBBE1808B298}.Debug|Any CPU.ActiveCfg = Debug|Any CPU
		{C2B80C07-5541-4509-B340-FBBE1808B298}.Debug|Any CPU.Build.0 = Debug|Any CPU
		{C2B80C07-5541-4509-B340-FBBE1808B298}.Release|Any CPU.ActiveCfg = Release|Any CPU
		{C2B80C07-5541-4509-B340-FBBE1808B298}.Release|Any CPU.Build.0 = Release|Any CPU
	EndGlobalSection
	GlobalSection(SolutionProperties) = preSolution
		HideSolutionNode = FALSE
	EndGlobalSection
	GlobalSection(ExtensibilityGlobals) = postSolution
		SolutionGuid = {D7FBE6FC-D5E6-43DC-B56C-85658B0712D1}
	EndGlobalSection
EndGlobal
